github.com/advanced-go/stdlib v0.0.0-20240910153108-81b1ed23be38 h1:vNT7g4YmgiJMgkscElZGasxWN7I4ZltyNId6h+M6HPY=
github.com/advanced-go/stdlib v0.0.0-20240910153108-81b1ed23be38/go.mod h1:bvuWc7Tx57LArgrEvbPxKW4hvIYGS3pw7iG4P6xofoQ=
github.com/advanced-go/stdlib v0.0.0-20240926123552-e208667d7597 h1:8rBbQirVE4HYrKshmIGCeaCJt5gDx/e1SSOSbPw5wQ4=
github.com/advanced-go/stdlib v0.0.0-20240926123552-e208667d7597/go.mod h1:bvuWc7Tx57LArgrEvbPxKW4hvIYGS3pw7iG4P6xofoQ=
github.com/advanced-go/stdlib v0.0.0-20240930142532-c189c7bc201a h1:R+uwYSattkOibtxuz5ZhIVDjlExa3goV4HnWdQnQu28=
github.com/advanced-go/stdlib v0.0.0-20240930142532-c189c7bc201a/go.mod h1:bvuWc7Tx57LArgrEvbPxKW4hvIYGS3pw7iG4P6xofoQ=
github.com/advanced-go/stdlib v0.0.0-20240930171652-89f483d8967b h1:WPApEuB6ZEKhXp2QzmShbpmYHKYTAmrJ9M8HRWYMV+0=
github.com/advanced-go/stdlib v0.0.0-20240930171652-89f483d8967b/go.mod h1:bvuWc7Tx57LArgrEvbPxKW4hvIYGS3pw7iG4P6xofoQ=
github.com/advanced-go/stdlib v0.0.0-20241001103331-30442f0e3dbd h1:ZAO5cl/oP5WuZvpAS6VNEqAZu5XKGfnKxLYuJhC2IqA=
github.com/advanced-go/stdlib v0.0.0-20241001103331-30442f0e3dbd/go.mod h1:bvuWc7Tx57LArgrEvbPxKW4hvIYGS3pw7iG4P6xofoQ=
github.com/advanced-go/stdlib v0.0.0-20241001184733-c8f78a007fe1 h1:kNrc8b9msWVt8r9neitFMvplzHlfosgV+zmc+cVIiUw=
github.com/advanced-go/stdlib v0.0.0-20241001184733-c8f78a007fe1/go.mod h1:bvuWc7Tx57LArgrEvbPxKW4hvIYGS3pw7iG4P6xofoQ=
github.com/advanced-go/stdlib v0.0.0-20241002153356-93782a163669 h1:R6Babhv/Cx5Jqwerxu/3kyz0Uv7gsIvLBcn4JABL42Q=
github.com/advanced-go/stdlib v0.0.0-20241002153356-93782a163669/go.mod h1:bvuWc7Tx57LArgrEvbPxKW4hvIYGS3pw7iG4P6xofoQ=
github.com/advanced-go/stdlib v0.0.0-20241002191819-59f76ba3346e h1:LBGIn9XYm3qoYwA6K0CsHUCTK23MRnNQWA6NHDhenqM=
github.com/advanced-go/stdlib v0.0.0-20241002191819-59f76ba3346e/go.mod h1:bvuWc7Tx57LArgrEvbPxKW4hvIYGS3pw7iG4P6xofoQ=
github.com/advanced-go/stdlib v0.0.0-20241003172949-2a360cdfa7c6 h1:y+ngHcZkCq5+mDetIBCGrA1caJBb8akk2TK6Ipy+1cU=
github.com/advanced-go/stdlib v0.0.0-20241003172949-2a360cdfa7c6/go.mod h1:bvuWc7Tx57LArgrEvbPxKW4hvIYGS3pw7iG4P6xofoQ=
github.com/advanced-go/stdlib v0.0.0-20241005141142-3f9245186f8b h1:tgVSSbobDEFVxV3g/+5GWpyjbpvkf/sOyyf6TtcDCP4=
github.com/advanced-go/stdlib v0.0.0-20241005141142-3f9245186f8b/go.mod h1:bvuWc7Tx57LArgrEvbPxKW4hvIYGS3pw7iG4P6xofoQ=
github.com/advanced-go/stdlib v0.0.0-20241006123034-8ffc264c681e h1:NUfzBwGmKdU55e/8CcdDdBljKbVwLYKf/B7C79qGRfQ=
github.com/advanced-go/stdlib v0.0.0-20241006123034-8ffc264c681e/go.mod h1:bvuWc7Tx57LArgrEvbPxKW4hvIYGS3pw7iG4P6xofoQ=
github.com/google/uuid v1.6.0 h1:NIvaJDMOsjHA8n1jAhLSgzrAzy1Hgr+hNrb57e+94F0=
github.com/google/uuid v1.6.0/go.mod h1:TIyPZe4MgqvfeYDBFedMoGGpEw/LqOeaOT+nhxU+yHo=
